// !$*UTF8*$!
{
	archiveVersion = 1;
	classes = {
	};
	objectVersion = 46;
	objects = {

/* Begin PBXBuildFile section */
		8429C9C71EAECCA8004A5E2B /* AppDelegate.swift in Sources */ = {isa = PBXBuildFile; fileRef = 8429C9C61EAECCA8004A5E2B /* AppDelegate.swift */; };
		8429C9CC1EAECCA8004A5E2B /* Main.storyboard in Resources */ = {isa = PBXBuildFile; fileRef = 8429C9CA1EAECCA8004A5E2B /* Main.storyboard */; };
		8429C9D11EAECCA8004A5E2B /* Assets.xcassets in Resources */ = {isa = PBXBuildFile; fileRef = 8429C9D01EAECCA8004A5E2B /* Assets.xcassets */; };
		8429C9D41EAECCA8004A5E2B /* LaunchScreen.storyboard in Resources */ = {isa = PBXBuildFile; fileRef = 8429C9D21EAECCA8004A5E2B /* LaunchScreen.storyboard */; };
		8429C9E21EAECD34004A5E2B /* TestApp.xcdatamodeld in Sources */ = {isa = PBXBuildFile; fileRef = 8429C9E01EAECD34004A5E2B /* TestApp.xcdatamodeld */; };
		8429C9E41EAECD48004A5E2B /* NoteModel.swift in Sources */ = {isa = PBXBuildFile; fileRef = 8429C9E31EAECD48004A5E2B /* NoteModel.swift */; };
		D88B9AE91EDCC69E00BAA4C7 /* NoteTableViewCell.swift in Sources */ = {isa = PBXBuildFile; fileRef = D88B9AE81EDCC69E00BAA4C7 /* NoteTableViewCell.swift */; };
		D88B9AEB1EDCCA9200BAA4C7 /* NoteListViewController.swift in Sources */ = {isa = PBXBuildFile; fileRef = D88B9AEA1EDCCA9200BAA4C7 /* NoteListViewController.swift */; };
		D88B9AED1EDCCC4400BAA4C7 /* ComposeNoteViewController.swift in Sources */ = {isa = PBXBuildFile; fileRef = D88B9AEC1EDCCC4400BAA4C7 /* ComposeNoteViewController.swift */; };
		D88B9B111EDCF37A00BAA4C7 /* NoteModelController.swift in Sources */ = {isa = PBXBuildFile; fileRef = D88B9B101EDCF37A00BAA4C7 /* NoteModelController.swift */; };
/* End PBXBuildFile section */

/* Begin PBXFileReference section */
		8429C9C31EAECCA8004A5E2B /* TestApp.app */ = {isa = PBXFileReference; explicitFileType = wrapper.application; includeInIndex = 0; path = TestApp.app; sourceTree = BUILT_PRODUCTS_DIR; };
		8429C9C61EAECCA8004A5E2B /* AppDelegate.swift */ = {isa = PBXFileReference; lastKnownFileType = sourcecode.swift; path = AppDelegate.swift; sourceTree = "<group>"; };
		8429C9CB1EAECCA8004A5E2B /* Base */ = {isa = PBXFileReference; lastKnownFileType = file.storyboard; name = Base; path = Base.lproj/Main.storyboard; sourceTree = "<group>"; };
		8429C9D01EAECCA8004A5E2B /* Assets.xcassets */ = {isa = PBXFileReference; lastKnownFileType = folder.assetcatalog; path = Assets.xcassets; sourceTree = "<group>"; };
		8429C9D31EAECCA8004A5E2B /* Base */ = {isa = PBXFileReference; lastKnownFileType = file.storyboard; name = Base; path = Base.lproj/LaunchScreen.storyboard; sourceTree = "<group>"; };
		8429C9D51EAECCA8004A5E2B /* Info.plist */ = {isa = PBXFileReference; lastKnownFileType = text.plist.xml; path = Info.plist; sourceTree = "<group>"; };
		8429C9E11EAECD34004A5E2B /* TestApp.xcdatamodel */ = {isa = PBXFileReference; lastKnownFileType = wrapper.xcdatamodel; path = TestApp.xcdatamodel; sourceTree = "<group>"; };
		8429C9E31EAECD48004A5E2B /* NoteModel.swift */ = {isa = PBXFileReference; fileEncoding = 4; lastKnownFileType = sourcecode.swift; path = NoteModel.swift; sourceTree = "<group>"; };
		D88B9AE81EDCC69E00BAA4C7 /* NoteTableViewCell.swift */ = {isa = PBXFileReference; fileEncoding = 4; lastKnownFileType = sourcecode.swift; path = NoteTableViewCell.swift; sourceTree = "<group>"; };
		D88B9AEA1EDCCA9200BAA4C7 /* NoteListViewController.swift */ = {isa = PBXFileReference; fileEncoding = 4; lastKnownFileType = sourcecode.swift; path = NoteListViewController.swift; sourceTree = "<group>"; };
		D88B9AEC1EDCCC4400BAA4C7 /* ComposeNoteViewController.swift */ = {isa = PBXFileReference; fileEncoding = 4; lastKnownFileType = sourcecode.swift; path = ComposeNoteViewController.swift; sourceTree = "<group>"; };
		D88B9B101EDCF37A00BAA4C7 /* NoteModelController.swift */ = {isa = PBXFileReference; fileEncoding = 4; lastKnownFileType = sourcecode.swift; name = NoteModelController.swift; path = ModelController/NoteModelController.swift; sourceTree = "<group>"; };
/* End PBXFileReference section */

/* Begin PBXFrameworksBuildPhase section */
		8429C9C01EAECCA8004A5E2B /* Frameworks */ = {
			isa = PBXFrameworksBuildPhase;
			buildActionMask = 2147483647;
			files = (
			);
			runOnlyForDeploymentPostprocessing = 0;
		};
/* End PBXFrameworksBuildPhase section */

/* Begin PBXGroup section */
		8429C9BA1EAECCA8004A5E2B = {
			isa = PBXGroup;
			children = (
				8429C9C51EAECCA8004A5E2B /* TestApp */,
				8429C9C41EAECCA8004A5E2B /* Products */,
			);
			sourceTree = "<group>";
		};
		8429C9C41EAECCA8004A5E2B /* Products */ = {
			isa = PBXGroup;
			children = (
				8429C9C31EAECCA8004A5E2B /* TestApp.app */,
			);
			name = Products;
			sourceTree = "<group>";
		};
		8429C9C51EAECCA8004A5E2B /* TestApp */ = {
			isa = PBXGroup;
			children = (
				8429C9DB1EAECD0B004A5E2B /* View Controller */,
				D88B9B0F1EDCF34900BAA4C7 /* Model Controller */,
				8429C9DC1EAECD0B004A5E2B /* Model */,
				8429C9DD1EAECD0B004A5E2B /* View */,
				8429C9C61EAECCA8004A5E2B /* AppDelegate.swift */,
				8429C9CA1EAECCA8004A5E2B /* Main.storyboard */,
				8429C9D01EAECCA8004A5E2B /* Assets.xcassets */,
				8429C9D21EAECCA8004A5E2B /* LaunchScreen.storyboard */,
				8429C9D51EAECCA8004A5E2B /* Info.plist */,
			);
			path = TestApp;
			sourceTree = "<group>";
		};
		8429C9DB1EAECD0B004A5E2B /* View Controller */ = {
			isa = PBXGroup;
			children = (
				D88B9AEA1EDCCA9200BAA4C7 /* NoteListViewController.swift */,
				D88B9AEC1EDCCC4400BAA4C7 /* ComposeNoteViewController.swift */,
			);
			name = "View Controller";
			path = Controller;
			sourceTree = "<group>";
		};
		8429C9DC1EAECD0B004A5E2B /* Model */ = {
			isa = PBXGroup;
			children = (
				8429C9E01EAECD34004A5E2B /* TestApp.xcdatamodeld */,
				8429C9E31EAECD48004A5E2B /* NoteModel.swift */,
			);
			path = Model;
			sourceTree = "<group>";
		};
		8429C9DD1EAECD0B004A5E2B /* View */ = {
			isa = PBXGroup;
			children = (
				D88B9AE81EDCC69E00BAA4C7 /* NoteTableViewCell.swift */,
			);
			path = View;
			sourceTree = "<group>";
		};
		D88B9B0F1EDCF34900BAA4C7 /* Model Controller */ = {
			isa = PBXGroup;
			children = (
				D88B9B101EDCF37A00BAA4C7 /* NoteModelController.swift */,
			);
			name = "Model Controller";
			sourceTree = "<group>";
		};
/* End PBXGroup section */

/* Begin PBXNativeTarget section */
		8429C9C21EAECCA8004A5E2B /* TestApp */ = {
			isa = PBXNativeTarget;
			buildConfigurationList = 8429C9D81EAECCA8004A5E2B /* Build configuration list for PBXNativeTarget "TestApp" */;
			buildPhases = (
				8429C9BF1EAECCA8004A5E2B /* Sources */,
				8429C9C01EAECCA8004A5E2B /* Frameworks */,
				8429C9C11EAECCA8004A5E2B /* Resources */,
			);
			buildRules = (
			);
			dependencies = (
			);
			name = TestApp;
			productName = TestApp;
			productReference = 8429C9C31EAECCA8004A5E2B /* TestApp.app */;
			productType = "com.apple.product-type.application";
		};
/* End PBXNativeTarget section */

/* Begin PBXProject section */
		8429C9BB1EAECCA8004A5E2B /* Project object */ = {
			isa = PBXProject;
			attributes = {
				LastSwiftUpdateCheck = 0830;
				LastUpgradeCheck = 0830;
				ORGANIZATIONNAME = AlayaCare;
				TargetAttributes = {
					8429C9C21EAECCA8004A5E2B = {
						CreatedOnToolsVersion = 8.3.2;
						DevelopmentTeam = GMFR6JL5MS;
						ProvisioningStyle = Automatic;
					};
				};
			};
			buildConfigurationList = 8429C9BE1EAECCA8004A5E2B /* Build configuration list for PBXProject "TestApp" */;
			compatibilityVersion = "Xcode 3.2";
			developmentRegion = English;
			hasScannedForEncodings = 0;
			knownRegions = (
				en,
				Base,
			);
			mainGroup = 8429C9BA1EAECCA8004A5E2B;
			productRefGroup = 8429C9C41EAECCA8004A5E2B /* Products */;
			projectDirPath = "";
			projectRoot = "";
			targets = (
				8429C9C21EAECCA8004A5E2B /* TestApp */,
			);
		};
/* End PBXProject section */

/* Begin PBXResourcesBuildPhase section */
		8429C9C11EAECCA8004A5E2B /* Resources */ = {
			isa = PBXResourcesBuildPhase;
			buildActionMask = 2147483647;
			files = (
				8429C9D41EAECCA8004A5E2B /* LaunchScreen.storyboard in Resources */,
				8429C9D11EAECCA8004A5E2B /* Assets.xcassets in Resources */,
				8429C9CC1EAECCA8004A5E2B /* Main.storyboard in Resources */,
			);
			runOnlyForDeploymentPostprocessing = 0;
		};
/* End PBXResourcesBuildPhase section */

/* Begin PBXSourcesBuildPhase section */
		8429C9BF1EAECCA8004A5E2B /* Sources */ = {
			isa = PBXSourcesBuildPhase;
			buildActionMask = 2147483647;
			files = (
				8429C9E21EAECD34004A5E2B /* TestApp.xcdatamodeld in Sources */,
				8429C9C71EAECCA8004A5E2B /* AppDelegate.swift in Sources */,
				D88B9AE91EDCC69E00BAA4C7 /* NoteTableViewCell.swift in Sources */,
				D88B9AED1EDCCC4400BAA4C7 /* ComposeNoteViewController.swift in Sources */,
				D88B9AEB1EDCCA9200BAA4C7 /* NoteListViewController.swift in Sources */,
				8429C9E41EAECD48004A5E2B /* NoteModel.swift in Sources */,
				D88B9B111EDCF37A00BAA4C7 /* NoteModelController.swift in Sources */,
			);
			runOnlyForDeploymentPostprocessing = 0;
		};
/* End PBXSourcesBuildPhase section */

/* Begin PBXVariantGroup section */
		8429C9CA1EAECCA8004A5E2B /* Main.storyboard */ = {
			isa = PBXVariantGroup;
			children = (
				8429C9CB1EAECCA8004A5E2B /* Base */,
			);
			name = Main.storyboard;
			sourceTree = "<group>";
		};
		8429C9D21EAECCA8004A5E2B /* LaunchScreen.storyboard */ = {
			isa = PBXVariantGroup;
			children = (
				8429C9D31EAECCA8004A5E2B /* Base */,
			);
			name = LaunchScreen.storyboard;
			sourceTree = "<group>";
		};
/* End PBXVariantGroup section */

/* Begin XCBuildConfiguration section */
		8429C9D61EAECCA8004A5E2B /* Debug */ = {
			isa = XCBuildConfiguration;
			buildSettings = {
				ALWAYS_SEARCH_USER_PATHS = NO;
				CLANG_ANALYZER_NONNULL = YES;
				CLANG_ANALYZER_NUMBER_OBJECT_CONVERSION = YES_AGGRESSIVE;
				CLANG_CXX_LANGUAGE_STANDARD = "gnu++0x";
				CLANG_CXX_LIBRARY = "libc++";
				CLANG_ENABLE_MODULES = YES;
				CLANG_ENABLE_OBJC_ARC = YES;
				CLANG_WARN_BOOL_CONVERSION = YES;
				CLANG_WARN_CONSTANT_CONVERSION = YES;
				CLANG_WARN_DIRECT_OBJC_ISA_USAGE = YES_ERROR;
				CLANG_WARN_DOCUMENTATION_COMMENTS = YES;
				CLANG_WARN_EMPTY_BODY = YES;
				CLANG_WARN_ENUM_CONVERSION = YES;
				CLANG_WARN_INFINITE_RECURSION = YES;
				CLANG_WARN_INT_CONVERSION = YES;
				CLANG_WARN_OBJC_ROOT_CLASS = YES_ERROR;
				CLANG_WARN_SUSPICIOUS_MOVE = YES;
				CLANG_WARN_UNREACHABLE_CODE = YES;
				CLANG_WARN__DUPLICATE_METHOD_MATCH = YES;
				"CODE_SIGN_IDENTITY[sdk=iphoneos*]" = "iPhone Developer";
				COPY_PHASE_STRIP = NO;
				DEBUG_INFORMATION_FORMAT = dwarf;
				ENABLE_STRICT_OBJC_MSGSEND = YES;
				ENABLE_TESTABILITY = YES;
				GCC_C_LANGUAGE_STANDARD = gnu99;
				GCC_DYNAMIC_NO_PIC = NO;
				GCC_NO_COMMON_BLOCKS = YES;
				GCC_OPTIMIZATION_LEVEL = 0;
				GCC_PREPROCESSOR_DEFINITIONS = (
					"DEBUG=1",
					"$(inherited)",
				);
				GCC_WARN_64_TO_32_BIT_CONVERSION = YES;
				GCC_WARN_ABOUT_RETURN_TYPE = YES_ERROR;
				GCC_WARN_UNDECLARED_SELECTOR = YES;
				GCC_WARN_UNINITIALIZED_AUTOS = YES_AGGRESSIVE;
				GCC_WARN_UNUSED_FUNCTION = YES;
				GCC_WARN_UNUSED_VARIABLE = YES;
				IPHONEOS_DEPLOYMENT_TARGET = 10.3;
				MTL_ENABLE_DEBUG_INFO = YES;
				ONLY_ACTIVE_ARCH = YES;
				SDKROOT = iphoneos;
				SWIFT_ACTIVE_COMPILATION_CONDITIONS = DEBUG;
				SWIFT_OPTIMIZATION_LEVEL = "-Onone";
			};
			name = Debug;
		};
		8429C9D71EAECCA8004A5E2B /* Release */ = {
			isa = XCBuildConfiguration;
			buildSettings = {
				ALWAYS_SEARCH_USER_PATHS = NO;
				CLANG_ANALYZER_NONNULL = YES;
				CLANG_ANALYZER_NUMBER_OBJECT_CONVERSION = YES_AGGRESSIVE;
				CLANG_CXX_LANGUAGE_STANDARD = "gnu++0x";
				CLANG_CXX_LIBRARY = "libc++";
				CLANG_ENABLE_MODULES = YES;
				CLANG_ENABLE_OBJC_ARC = YES;
				CLANG_WARN_BOOL_CONVERSION = YES;
				CLANG_WARN_CONSTANT_CONVERSION = YES;
				CLANG_WARN_DIRECT_OBJC_ISA_USAGE = YES_ERROR;
				CLANG_WARN_DOCUMENTATION_COMMENTS = YES;
				CLANG_WARN_EMPTY_BODY = YES;
				CLANG_WARN_ENUM_CONVERSION = YES;
				CLANG_WARN_INFINITE_RECURSION = YES;
				CLANG_WARN_INT_CONVERSION = YES;
				CLANG_WARN_OBJC_ROOT_CLASS = YES_ERROR;
				CLANG_WARN_SUSPICIOUS_MOVE = YES;
				CLANG_WARN_UNREACHABLE_CODE = YES;
				CLANG_WARN__DUPLICATE_METHOD_MATCH = YES;
				"CODE_SIGN_IDENTITY[sdk=iphoneos*]" = "iPhone Developer";
				COPY_PHASE_STRIP = NO;
				DEBUG_INFORMATION_FORMAT = "dwarf-with-dsym";
				ENABLE_NS_ASSERTIONS = NO;
				ENABLE_STRICT_OBJC_MSGSEND = YES;
				GCC_C_LANGUAGE_STANDARD = gnu99;
				GCC_NO_COMMON_BLOCKS = YES;
				GCC_WARN_64_TO_32_BIT_CONVERSION = YES;
				GCC_WARN_ABOUT_RETURN_TYPE = YES_ERROR;
				GCC_WARN_UNDECLARED_SELECTOR = YES;
				GCC_WARN_UNINITIALIZED_AUTOS = YES_AGGRESSIVE;
				GCC_WARN_UNUSED_FUNCTION = YES;
				GCC_WARN_UNUSED_VARIABLE = YES;
				IPHONEOS_DEPLOYMENT_TARGET = 10.3;
				MTL_ENABLE_DEBUG_INFO = NO;
				SDKROOT = iphoneos;
				SWIFT_OPTIMIZATION_LEVEL = "-Owholemodule";
				VALIDATE_PRODUCT = YES;
			};
			name = Release;
		};
		8429C9D91EAECCA8004A5E2B /* Debug */ = {
			isa = XCBuildConfiguration;
			buildSettings = {
				ASSETCATALOG_COMPILER_APPICON_NAME = AppIcon;
				"CODE_SIGN_IDENTITY[sdk=iphoneos*]" = "iPhone Developer";
				DEVELOPMENT_TEAM = GMFR6JL5MS;
				INFOPLIST_FILE = TestApp/Info.plist;
				LD_RUNPATH_SEARCH_PATHS = "$(inherited) @executable_path/Frameworks";
				PRODUCT_BUNDLE_IDENTIFIER = alayacare.TestApp;
				PRODUCT_NAME = "$(TARGET_NAME)";
				PROVISIONING_PROFILE = "";
				PROVISIONING_PROFILE_SPECIFIER = "";
				SWIFT_VERSION = 3.0;
			};
			name = Debug;
		};
		8429C9DA1EAECCA8004A5E2B /* Release */ = {
			isa = XCBuildConfiguration;
			buildSettings = {
				ASSETCATALOG_COMPILER_APPICON_NAME = AppIcon;
				"CODE_SIGN_IDENTITY[sdk=iphoneos*]" = "iPhone Developer";
				DEVELOPMENT_TEAM = GMFR6JL5MS;
				INFOPLIST_FILE = TestApp/Info.plist;
				LD_RUNPATH_SEARCH_PATHS = "$(inherited) @executable_path/Frameworks";
				PRODUCT_BUNDLE_IDENTIFIER = alayacare.TestApp;
				PRODUCT_NAME = "$(TARGET_NAME)";
				PROVISIONING_PROFILE = "";
				PROVISIONING_PROFILE_SPECIFIER = "";
				SWIFT_VERSION = 3.0;
			};
			name = Release;
		};
/* End XCBuildConfiguration section */

/* Begin XCConfigurationList section */
		8429C9BE1EAECCA8004A5E2B /* Build configuration list for PBXProject "TestApp" */ = {
			isa = XCConfigurationList;
			buildConfigurations = (
				8429C9D61EAECCA8004A5E2B /* Debug */,
				8429C9D71EAECCA8004A5E2B /* Release */,
			);
			defaultConfigurationIsVisible = 0;
			defaultConfigurationName = Release;
		};
		8429C9D81EAECCA8004A5E2B /* Build configuration list for PBXNativeTarget "TestApp" */ = {
			isa = XCConfigurationList;
			buildConfigurations = (
				8429C9D91EAECCA8004A5E2B /* Debug */,
				8429C9DA1EAECCA8004A5E2B /* Release */,
			);
			defaultConfigurationIsVisible = 0;
			defaultConfigurationName = Release;
		};
/* End XCConfigurationList section */

/* Begin XCVersionGroup section */
		8429C9E01EAECD34004A5E2B /* TestApp.xcdatamodeld */ = {
			isa = XCVersionGroup;
			children = (
				8429C9E11EAECD34004A5E2B /* TestApp.xcdatamodel */,
			);
			currentVersion = 8429C9E11EAECD34004A5E2B /* TestApp.xcdatamodel */;
			path = TestApp.xcdatamodeld;
			sourceTree = "<group>";
			versionGroupType = wrapper.xcdatamodel;
		};
/* End XCVersionGroup section */
	};
	rootObject = 8429C9BB1EAECCA8004A5E2B /* Project object */;
}
